<?xml version="1.0" encoding="utf-8"?>
<Project ToolsVersion="4.0" xmlns="http://schemas.microsoft.com/developer/msbuild/2003">
  <ItemGroup>
    <Filter Include="Source Files">
      <UniqueIdentifier>{4FC737F1-C7A5-4376-A066-2A32D752A2FF}</UniqueIdentifier>
      <Extensions>cpp;c;cc;cxx;def;odl;idl;hpj;bat;asm;asmx</Extensions>
    </Filter>
    <Filter Include="Header Files">
      <UniqueIdentifier>{93995380-89BD-4b04-88EB-625FBE52EBFB}</UniqueIdentifier>
      <Extensions>h;hh;hpp;hxx;hm;inl;inc;xsd</Extensions>
    </Filter>
    <Filter Include="Resource Files">
      <UniqueIdentifier>{67DA6AB6-F800-4c08-8B7A-83BB121AAD01}</UniqueIdentifier>
      <Extensions>rc;ico;cur;bmp;dlg;rc2;rct;bin;rgs;gif;jpg;jpeg;jpe;resx;tiff;tif;png;wav;mfcribbon-ms</Extensions>
    </Filter>
    <Filter Include="Header Files\Core">
      <UniqueIdentifier>{f3ea8b66-20ab-4ab1-8390-54fae08e3652}</UniqueIdentifier>
    </Filter>
    <Filter Include="Source Files\Core">
      <UniqueIdentifier>{1680f685-430e-4c23-ba74-9cf96a0aa2e6}</UniqueIdentifier>
    </Filter>
    <Filter Include="Header Files\Configuration">
      <UniqueIdentifier>{f5200313-3826-462d-bcea-c9cd33aef98c}</UniqueIdentifier>
    </Filter>
    <Filter Include="Source Files\Configuration">
      <UniqueIdentifier>{e490d523-42da-4308-9f8f-50f2f25c814d}</UniqueIdentifier>
    </Filter>
    <Filter Include="Header Files\Memory">
      <UniqueIdentifier>{30bbdf14-6af3-456a-96c5-2cddcf5150b1}</UniqueIdentifier>
    </Filter>
    <Filter Include="Source Files\Memory">
      <UniqueIdentifier>{fc99e03d-a21c-42ad-abd1-1aeecf661604}</UniqueIdentifier>
    </Filter>
    <Filter Include="Source Files\Objects">
      <UniqueIdentifier>{d210f267-a9cb-4e93-aa91-02c8a5e82e4c}</UniqueIdentifier>
    </Filter>
    <Filter Include="Header Files\Objects">
      <UniqueIdentifier>{74513141-97bc-4622-8bb8-2f29f5a1caca}</UniqueIdentifier>
    </Filter>
    <Filter Include="Header Files\Mathematics">
      <UniqueIdentifier>{a8f5ff78-6e63-422b-96e3-9850e13eeebf}</UniqueIdentifier>
    </Filter>
    <Filter Include="Source Files\Mathematics">
      <UniqueIdentifier>{86f3b72a-642e-4279-905a-8ffb424af8de}</UniqueIdentifier>
    </Filter>
    <Filter Include="Header Files\Utilities">
      <UniqueIdentifier>{7174cb35-fb0a-459a-8553-a3c40892efdc}</UniqueIdentifier>
    </Filter>
    <Filter Include="Source Files\Utilities">
      <UniqueIdentifier>{9d92d90e-ec6c-4ea8-8907-07e83d4ba45d}</UniqueIdentifier>
    </Filter>
    <Filter Include="Header Files\Rendering">
      <UniqueIdentifier>{778e0ba2-7261-4276-bf51-16e00fd72db2}</UniqueIdentifier>
    </Filter>
    <Filter Include="Source Files\Rendering">
      <UniqueIdentifier>{fcc34f8d-9505-4909-a262-7b4ec82aab22}</UniqueIdentifier>
    </Filter>
    <Filter Include="Header Files\Physics">
      <UniqueIdentifier>{41230a70-33d3-445f-930f-9449b463820f}</UniqueIdentifier>
    </Filter>
    <Filter Include="Source Files\Physics">
      <UniqueIdentifier>{a400968b-497f-4a0c-a768-ff0fe47863c9}</UniqueIdentifier>
    </Filter>
    <Filter Include="Resource Files\Config">
      <UniqueIdentifier>{d98d7d40-2d4e-492d-8499-cbb700b01b91}</UniqueIdentifier>
    </Filter>
  </ItemGroup>
  <ItemGroup>
    <ClCompile Include="_Configuration\RTAParameters.cpp">
      <Filter>Source Files\Configuration</Filter>
    </ClCompile>
    <ClCompile Include="_Memory\MemoryPool.cpp">
      <Filter>Source Files\Memory</Filter>
    </ClCompile>
    <ClCompile Include="_Memory\MemoryPoolManager.cpp">
      <Filter>Source Files\Memory</Filter>
    </ClCompile>
    <ClCompile Include="_Objects\Sphere.cpp">
      <Filter>Source Files\Objects</Filter>
    </ClCompile>
    <ClCompile Include="_Mathematics\Vector3.cpp">
      <Filter>Source Files\Mathematics</Filter>
    </ClCompile>
    <ClCompile Include="_Utilities\FfmpegUtility.cpp">
      <Filter>Source Files\Utilities</Filter>
    </ClCompile>
    <ClCompile Include="_Rendering\Rendering.cpp">
      <Filter>Source Files\Rendering</Filter>
    </ClCompile>
    <ClCompile Include="_Rendering\Tracing.cpp">
      <Filter>Source Files\Rendering</Filter>
    </ClCompile>
    <ClCompile Include="_Physics\Physics.cpp">
      <Filter>Source Files\Physics</Filter>
    </ClCompile>
    <ClCompile Include="_Objects\Floor.cpp">
      <Filter>Source Files\Objects</Filter>
    </ClCompile>
    <ClCompile Include="main.cpp" />
    <ClCompile Include="_Physics\Collisions.cpp">
      <Filter>Source Files\Physics</Filter>
    </ClCompile>
    <ClCompile Include="_Physics\Octree.cpp">
      <Filter>Source Files\Objects</Filter>
    </ClCompile>
    <ClCompile Include="_Physics\BoundingBox.cpp">
      <Filter>Source Files\Physics</Filter>
    </ClCompile>
    <ClCompile Include="_Physics\BoundingSphere.cpp">
      <Filter>Source Files\Physics</Filter>
    </ClCompile>
    <ClCompile Include="_Core\BackendApplication.cpp">
      <Filter>Source Files\Core</Filter>
    </ClCompile>
    <ClCompile Include="_Utilities\TimerManager.cpp">
      <Filter>Source Files\Utilities</Filter>
    </ClCompile>
    <ClCompile Include="_Utilities\MethodProfiler.cpp">
      <Filter>Source Files\Utilities</Filter>
    </ClCompile>
    <ClCompile Include="_Utilities\TimerLL.cpp">
      <Filter>Source Files\Utilities</Filter>
    </ClCompile>
    <ClCompile Include="_Utilities\Timer.cpp">
      <Filter>Source Files\Utilities</Filter>
    </ClCompile>
  </ItemGroup>
  <ItemGroup>
    <ClInclude Include="_Core\BaseApplication.h">
      <Filter>Header Files\Core</Filter>
    </ClInclude>
    <ClInclude Include="_Configuration\RTAParameters.h">
      <Filter>Header Files\Configuration</Filter>
    </ClInclude>
    <ClInclude Include="_Memory\MemoryPoolHeader.h">
      <Filter>Header Files\Memory</Filter>
    </ClInclude>
    <ClInclude Include="_Memory\MemoryPool.h">
      <Filter>Header Files\Memory</Filter>
    </ClInclude>
    <ClInclude Include="_Memory\MemoryPoolManager.h">
      <Filter>Header Files\Memory</Filter>
    </ClInclude>
    <ClInclude Include="_Memory\AllocationHeader.h">
      <Filter>Header Files\Memory</Filter>
    </ClInclude>
    <ClInclude Include="_Objects\Sphere.h">
      <Filter>Header Files\Objects</Filter>
    </ClInclude>
    <ClInclude Include="_Mathematics\Vector3.h">
      <Filter>Header Files\Mathematics</Filter>
    </ClInclude>
    <ClInclude Include="_Core\Defines.h">
      <Filter>Header Files\Core</Filter>
    </ClInclude>
    <ClInclude Include="_Utilities\FfmpegUtility.h">
      <Filter>Header Files\Utilities</Filter>
    </ClInclude>
    <ClInclude Include="_Rendering\Rendering.h">
      <Filter>Header Files\Rendering</Filter>
    </ClInclude>
    <ClInclude Include="_Rendering\Tracing.h">
      <Filter>Header Files\Rendering</Filter>
    </ClInclude>
    <ClInclude Include="_Physics\Physics.h">
      <Filter>Header Files\Physics</Filter>
    </ClInclude>
    <ClInclude Include="_Objects\Floor.h">
      <Filter>Header Files\Objects</Filter>
    </ClInclude>
    <ClInclude Include="_Physics\Collisions.h">
      <Filter>Header Files\Physics</Filter>
    </ClInclude>
    <ClInclude Include="_Physics\Octree.h">
      <Filter>Header Files\Physics</Filter>
    </ClInclude>
    <ClInclude Include="_Physics\BoundingBox.h">
      <Filter>Header Files\Physics</Filter>
    </ClInclude>
    <ClInclude Include="_Physics\BoundingSphere.h">
      <Filter>Header Files\Physics</Filter>
    </ClInclude>
    <ClInclude Include="_Memory\MemoryReportItem.h">
      <Filter>Header Files\Memory</Filter>
    </ClInclude>
    <ClInclude Include="_Core\BackendApplication.h">
      <Filter>Header Files\Core</Filter>
    </ClInclude>
    <ClInclude Include="_Utilities\TimerManager.h">
      <Filter>Header Files\Utilities</Filter>
    </ClInclude>
    <ClInclude Include="_Utilities\MethodProfiler.h">
      <Filter>Header Files\Utilities</Filter>
    </ClInclude>
    <ClInclude Include="_Utilities\TimerLL.h">
      <Filter>Header Files\Utilities</Filter>
    </ClInclude>
    <ClInclude Include="_Utilities\Timer.h">
      <Filter>Header Files\Utilities</Filter>
    </ClInclude>
  </ItemGroup>
  <ItemGroup>
    <Text Include="Config\ParallelPhysicsConfig.txt">
      <Filter>Resource Files\Config</Filter>
    </Text>
    <Text Include="Config\ParallelStaticConfig.txt">
      <Filter>Resource Files\Config</Filter>
    </Text>
    <Text Include="Config\SequentialPhysicsConfig.txt">
      <Filter>Resource Files\Config</Filter>
    </Text>
    <Text Include="Config\SequentialStaticBVConfig.txt">
      <Filter>Resource Files\Config</Filter>
    </Text>
    <Text Include="Config\SequentialStaticConfig.txt">
      <Filter>Resource Files\Config</Filter>
    </Text>
  </ItemGroup>
</Project>